// !$*UTF8*$!
{
	archiveVersion = 1;
	classes = {
	};
	objectVersion = 55;
	objects = {

/* Begin PBXBuildFile section */
		4993F8D3289778D80077E188 /* Decodable+Any.swift in Sources */ = {isa = PBXBuildFile; fileRef = 4993F8D2289778D80077E188 /* Decodable+Any.swift */; };
		4993F8D4289778D80077E188 /* Decodable+Any.swift in Sources */ = {isa = PBXBuildFile; fileRef = 4993F8D2289778D80077E188 /* Decodable+Any.swift */; };
		4993F8D628977B870077E188 /* HttpClient+RxAPIs.swift in Sources */ = {isa = PBXBuildFile; fileRef = 4993F8D528977B870077E188 /* HttpClient+RxAPIs.swift */; };
		4993F8D92897BFB00077E188 /* Kingfisher in Frameworks */ = {isa = PBXBuildFile; productRef = 4993F8D82897BFB00077E188 /* Kingfisher */; };
		4993F8DB2897C5FD0077E188 /* UITableView+Reusable.swift in Sources */ = {isa = PBXBuildFile; fileRef = 4993F8DA2897C5FD0077E188 /* UITableView+Reusable.swift */; };
		4993F8DE289801480077E188 /* SwiftDate in Frameworks */ = {isa = PBXBuildFile; productRef = 4993F8DD289801480077E188 /* SwiftDate */; };
		49A96BF4289401520021E160 /* AppDelegate.swift in Sources */ = {isa = PBXBuildFile; fileRef = 49A96BF3289401520021E160 /* AppDelegate.swift */; };
		49A96BF6289401520021E160 /* SceneDelegate.swift in Sources */ = {isa = PBXBuildFile; fileRef = 49A96BF5289401520021E160 /* SceneDelegate.swift */; };
		49A96BF8289401520021E160 /* WeatherListViewController.swift in Sources */ = {isa = PBXBuildFile; fileRef = 49A96BF7289401520021E160 /* WeatherListViewController.swift */; };
		49A96BFD289401530021E160 /* Assets.xcassets in Resources */ = {isa = PBXBuildFile; fileRef = 49A96BFC289401530021E160 /* Assets.xcassets */; };
		49A96C00289401530021E160 /* LaunchScreen.storyboard in Resources */ = {isa = PBXBuildFile; fileRef = 49A96BFE289401530021E160 /* LaunchScreen.storyboard */; };
		49A96C0C2894016B0021E160 /* WeatherTwoApp.swift in Sources */ = {isa = PBXBuildFile; fileRef = 49A96C0B2894016B0021E160 /* WeatherTwoApp.swift */; };
		49A96C0E2894016B0021E160 /* WeatherList.swift in Sources */ = {isa = PBXBuildFile; fileRef = 49A96C0D2894016B0021E160 /* WeatherList.swift */; };
		49A96C102894016C0021E160 /* Assets.xcassets in Resources */ = {isa = PBXBuildFile; fileRef = 49A96C0F2894016C0021E160 /* Assets.xcassets */; };
		49A96C132894016C0021E160 /* Preview Assets.xcassets in Resources */ = {isa = PBXBuildFile; fileRef = 49A96C122894016C0021E160 /* Preview Assets.xcassets */; };
		49A96C19289402B50021E160 /* Alamofire in Frameworks */ = {isa = PBXBuildFile; productRef = 49A96C18289402B50021E160 /* Alamofire */; };
		49A96C1C2894037A0021E160 /* Alamofire in Frameworks */ = {isa = PBXBuildFile; productRef = 49A96C1B2894037A0021E160 /* Alamofire */; };
		49A96C2828940E200021E160 /* RxCocoa in Frameworks */ = {isa = PBXBuildFile; productRef = 49A96C2728940E200021E160 /* RxCocoa */; };
		49A96C2A28940E200021E160 /* RxSwift in Frameworks */ = {isa = PBXBuildFile; productRef = 49A96C2928940E200021E160 /* RxSwift */; };
		49A96C2E289412550021E160 /* HttpClient.swift in Sources */ = {isa = PBXBuildFile; fileRef = 49A96C2D289412550021E160 /* HttpClient.swift */; };
		49A96C2F289412550021E160 /* HttpClient.swift in Sources */ = {isa = PBXBuildFile; fileRef = 49A96C2D289412550021E160 /* HttpClient.swift */; };
		49A96C33289412EB0021E160 /* Router.swift in Sources */ = {isa = PBXBuildFile; fileRef = 49A96C32289412EB0021E160 /* Router.swift */; };
		49A96C34289412EB0021E160 /* Router.swift in Sources */ = {isa = PBXBuildFile; fileRef = 49A96C32289412EB0021E160 /* Router.swift */; };
		49B0159628986AD1006AF869 /* Kingfisher in Frameworks */ = {isa = PBXBuildFile; productRef = 49B0159528986AD1006AF869 /* Kingfisher */; };
		49B0159828987B37006AF869 /* HttpClient+Combine.swift in Sources */ = {isa = PBXBuildFile; fileRef = 49B0159728987B37006AF869 /* HttpClient+Combine.swift */; };
		49B0159A28987B7C006AF869 /* WeatherCell.swift in Sources */ = {isa = PBXBuildFile; fileRef = 49B0159928987B7C006AF869 /* WeatherCell.swift */; };
		49B0159C28989354006AF869 /* WeatherVM.swift in Sources */ = {isa = PBXBuildFile; fileRef = 49B0159B28989354006AF869 /* WeatherVM.swift */; };
		49B73EBB289670EF004C56E5 /* RxAlamofire in Frameworks */ = {isa = PBXBuildFile; productRef = 49B73EBA289670EF004C56E5 /* RxAlamofire */; };
		49B73EC02896ABC2004C56E5 /* Forecast.swift in Sources */ = {isa = PBXBuildFile; fileRef = 49B73EBF2896ABC2004C56E5 /* Forecast.swift */; };
		49B73EC12896ABC2004C56E5 /* Forecast.swift in Sources */ = {isa = PBXBuildFile; fileRef = 49B73EBF2896ABC2004C56E5 /* Forecast.swift */; };
		49B73EC42896CBA4004C56E5 /* SwiftDate in Frameworks */ = {isa = PBXBuildFile; productRef = 49B73EC32896CBA4004C56E5 /* SwiftDate */; };
		49DE608328951CC4005BF5F8 /* Router+Geo.swift in Sources */ = {isa = PBXBuildFile; fileRef = 49DE608228951CC4005BF5F8 /* Router+Geo.swift */; };
		49DE608428951CC4005BF5F8 /* Router+Geo.swift in Sources */ = {isa = PBXBuildFile; fileRef = 49DE608228951CC4005BF5F8 /* Router+Geo.swift */; };
		49DE608628951CDF005BF5F8 /* Router+Weather.swift in Sources */ = {isa = PBXBuildFile; fileRef = 49DE608528951CDF005BF5F8 /* Router+Weather.swift */; };
		49DE608728951CDF005BF5F8 /* Router+Weather.swift in Sources */ = {isa = PBXBuildFile; fileRef = 49DE608528951CDF005BF5F8 /* Router+Weather.swift */; };
		49DE6089289527B7005BF5F8 /* HttpRoutable.swift in Sources */ = {isa = PBXBuildFile; fileRef = 49DE6088289527B7005BF5F8 /* HttpRoutable.swift */; };
		49DE608A289527B7005BF5F8 /* HttpRoutable.swift in Sources */ = {isa = PBXBuildFile; fileRef = 49DE6088289527B7005BF5F8 /* HttpRoutable.swift */; };
		49DE608D28955D67005BF5F8 /* Location.swift in Sources */ = {isa = PBXBuildFile; fileRef = 49DE608C28955D67005BF5F8 /* Location.swift */; };
		49DE608E28955D67005BF5F8 /* Location.swift in Sources */ = {isa = PBXBuildFile; fileRef = 49DE608C28955D67005BF5F8 /* Location.swift */; };
		49DE60902895B152005BF5F8 /* WeatherCell.swift in Sources */ = {isa = PBXBuildFile; fileRef = 49DE608F2895B152005BF5F8 /* WeatherCell.swift */; };
/* End PBXBuildFile section */

/* Begin PBXFileReference section */
		4993F8D2289778D80077E188 /* Decodable+Any.swift */ = {isa = PBXFileReference; lastKnownFileType = sourcecode.swift; path = "Decodable+Any.swift"; sourceTree = "<group>"; };
		4993F8D528977B870077E188 /* HttpClient+RxAPIs.swift */ = {isa = PBXFileReference; lastKnownFileType = sourcecode.swift; path = "HttpClient+RxAPIs.swift"; sourceTree = "<group>"; };
		4993F8DA2897C5FD0077E188 /* UITableView+Reusable.swift */ = {isa = PBXFileReference; lastKnownFileType = sourcecode.swift; path = "UITableView+Reusable.swift"; sourceTree = "<group>"; };
		49A96BF1289401520021E160 /* WeatherOne.app */ = {isa = PBXFileReference; explicitFileType = wrapper.application; includeInIndex = 0; path = WeatherOne.app; sourceTree = BUILT_PRODUCTS_DIR; };
		49A96BF3289401520021E160 /* AppDelegate.swift */ = {isa = PBXFileReference; lastKnownFileType = sourcecode.swift; path = AppDelegate.swift; sourceTree = "<group>"; };
		49A96BF5289401520021E160 /* SceneDelegate.swift */ = {isa = PBXFileReference; lastKnownFileType = sourcecode.swift; path = SceneDelegate.swift; sourceTree = "<group>"; };
		49A96BF7289401520021E160 /* WeatherListViewController.swift */ = {isa = PBXFileReference; lastKnownFileType = sourcecode.swift; path = WeatherListViewController.swift; sourceTree = "<group>"; };
		49A96BFC289401530021E160 /* Assets.xcassets */ = {isa = PBXFileReference; lastKnownFileType = folder.assetcatalog; path = Assets.xcassets; sourceTree = "<group>"; };
		49A96BFF289401530021E160 /* Base */ = {isa = PBXFileReference; lastKnownFileType = file.storyboard; name = Base; path = Base.lproj/LaunchScreen.storyboard; sourceTree = "<group>"; };
		49A96C01289401530021E160 /* Info.plist */ = {isa = PBXFileReference; lastKnownFileType = text.plist.xml; path = Info.plist; sourceTree = "<group>"; };
		49A96C092894016B0021E160 /* WeatherTwo.app */ = {isa = PBXFileReference; explicitFileType = wrapper.application; includeInIndex = 0; path = WeatherTwo.app; sourceTree = BUILT_PRODUCTS_DIR; };
		49A96C0B2894016B0021E160 /* WeatherTwoApp.swift */ = {isa = PBXFileReference; lastKnownFileType = sourcecode.swift; path = WeatherTwoApp.swift; sourceTree = "<group>"; };
		49A96C0D2894016B0021E160 /* WeatherList.swift */ = {isa = PBXFileReference; lastKnownFileType = sourcecode.swift; path = WeatherList.swift; sourceTree = "<group>"; };
		49A96C0F2894016C0021E160 /* Assets.xcassets */ = {isa = PBXFileReference; lastKnownFileType = folder.assetcatalog; path = Assets.xcassets; sourceTree = "<group>"; };
		49A96C122894016C0021E160 /* Preview Assets.xcassets */ = {isa = PBXFileReference; lastKnownFileType = folder.assetcatalog; path = "Preview Assets.xcassets"; sourceTree = "<group>"; };
		49A96C2D289412550021E160 /* HttpClient.swift */ = {isa = PBXFileReference; lastKnownFileType = sourcecode.swift; path = HttpClient.swift; sourceTree = "<group>"; };
		49A96C32289412EB0021E160 /* Router.swift */ = {isa = PBXFileReference; lastKnownFileType = sourcecode.swift; path = Router.swift; sourceTree = "<group>"; };
		49B0159728987B37006AF869 /* HttpClient+Combine.swift */ = {isa = PBXFileReference; lastKnownFileType = sourcecode.swift; path = "HttpClient+Combine.swift"; sourceTree = "<group>"; };
		49B0159928987B7C006AF869 /* WeatherCell.swift */ = {isa = PBXFileReference; lastKnownFileType = sourcecode.swift; path = WeatherCell.swift; sourceTree = "<group>"; };
		49B0159B28989354006AF869 /* WeatherVM.swift */ = {isa = PBXFileReference; lastKnownFileType = sourcecode.swift; path = WeatherVM.swift; sourceTree = "<group>"; };
		49B73EBF2896ABC2004C56E5 /* Forecast.swift */ = {isa = PBXFileReference; lastKnownFileType = sourcecode.swift; path = Forecast.swift; sourceTree = "<group>"; };
		49DE608228951CC4005BF5F8 /* Router+Geo.swift */ = {isa = PBXFileReference; lastKnownFileType = sourcecode.swift; path = "Router+Geo.swift"; sourceTree = "<group>"; };
		49DE608528951CDF005BF5F8 /* Router+Weather.swift */ = {isa = PBXFileReference; lastKnownFileType = sourcecode.swift; path = "Router+Weather.swift"; sourceTree = "<group>"; };
		49DE6088289527B7005BF5F8 /* HttpRoutable.swift */ = {isa = PBXFileReference; lastKnownFileType = sourcecode.swift; path = HttpRoutable.swift; sourceTree = "<group>"; };
		49DE608C28955D67005BF5F8 /* Location.swift */ = {isa = PBXFileReference; lastKnownFileType = sourcecode.swift; path = Location.swift; sourceTree = "<group>"; };
		49DE608F2895B152005BF5F8 /* WeatherCell.swift */ = {isa = PBXFileReference; lastKnownFileType = sourcecode.swift; path = WeatherCell.swift; sourceTree = "<group>"; };
/* End PBXFileReference section */

/* Begin PBXFrameworksBuildPhase section */
		49A96BEE289401520021E160 /* Frameworks */ = {
			isa = PBXFrameworksBuildPhase;
			buildActionMask = 2147483647;
			files = (
				4993F8D92897BFB00077E188 /* Kingfisher in Frameworks */,
				49A96C19289402B50021E160 /* Alamofire in Frameworks */,
				49B73EBB289670EF004C56E5 /* RxAlamofire in Frameworks */,
				49B73EC42896CBA4004C56E5 /* SwiftDate in Frameworks */,
				49A96C2A28940E200021E160 /* RxSwift in Frameworks */,
				49A96C2828940E200021E160 /* RxCocoa in Frameworks */,
			);
			runOnlyForDeploymentPostprocessing = 0;
		};
		49A96C062894016B0021E160 /* Frameworks */ = {
			isa = PBXFrameworksBuildPhase;
			buildActionMask = 2147483647;
			files = (
				49B0159628986AD1006AF869 /* Kingfisher in Frameworks */,
				4993F8DE289801480077E188 /* SwiftDate in Frameworks */,
				49A96C1C2894037A0021E160 /* Alamofire in Frameworks */,
			);
			runOnlyForDeploymentPostprocessing = 0;
		};
/* End PBXFrameworksBuildPhase section */

/* Begin PBXGroup section */
		4993F8DC289801480077E188 /* Frameworks */ = {
			isa = PBXGroup;
			children = (
			);
			name = Frameworks;
			sourceTree = "<group>";
		};
		49A96BD3289400CC0021E160 = {
			isa = PBXGroup;
			children = (
				49A96C2B289412120021E160 /* Commons */,
				49A96BF2289401520021E160 /* WeatherOne */,
				49A96C0A2894016B0021E160 /* WeatherTwo */,
				49A96BDD289400CC0021E160 /* Products */,
				4993F8DC289801480077E188 /* Frameworks */,
			);
			sourceTree = "<group>";
		};
		49A96BDD289400CC0021E160 /* Products */ = {
			isa = PBXGroup;
			children = (
				49A96BF1289401520021E160 /* WeatherOne.app */,
				49A96C092894016B0021E160 /* WeatherTwo.app */,
			);
			name = Products;
			sourceTree = "<group>";
		};
		49A96BF2289401520021E160 /* WeatherOne */ = {
			isa = PBXGroup;
			children = (
				49A96BF3289401520021E160 /* AppDelegate.swift */,
				49A96BF5289401520021E160 /* SceneDelegate.swift */,
				49A96BF7289401520021E160 /* WeatherListViewController.swift */,
				49DE608F2895B152005BF5F8 /* WeatherCell.swift */,
				4993F8DA2897C5FD0077E188 /* UITableView+Reusable.swift */,
				4993F8D528977B870077E188 /* HttpClient+RxAPIs.swift */,
				49A96BFC289401530021E160 /* Assets.xcassets */,
				49A96BFE289401530021E160 /* LaunchScreen.storyboard */,
				49A96C01289401530021E160 /* Info.plist */,
			);
			path = WeatherOne;
			sourceTree = "<group>";
		};
		49A96C0A2894016B0021E160 /* WeatherTwo */ = {
			isa = PBXGroup;
			children = (
				49A96C0B2894016B0021E160 /* WeatherTwoApp.swift */,
				49A96C0D2894016B0021E160 /* WeatherList.swift */,
				49B0159928987B7C006AF869 /* WeatherCell.swift */,
				49B0159B28989354006AF869 /* WeatherVM.swift */,
				49B0159728987B37006AF869 /* HttpClient+Combine.swift */,
				49A96C0F2894016C0021E160 /* Assets.xcassets */,
				49A96C112894016C0021E160 /* Preview Content */,
			);
			path = WeatherTwo;
			sourceTree = "<group>";
		};
		49A96C112894016C0021E160 /* Preview Content */ = {
			isa = PBXGroup;
			children = (
				49A96C122894016C0021E160 /* Preview Assets.xcassets */,
			);
			path = "Preview Content";
			sourceTree = "<group>";
		};
		49A96C2B289412120021E160 /* Commons */ = {
			isa = PBXGroup;
			children = (
				49A96C2C289412260021E160 /* HttpClient */,
				49A96C302894126A0021E160 /* Models */,
				49DE608B2895597F005BF5F8 /* Routers */,
			);
			path = Commons;
			sourceTree = "<group>";
		};
		49A96C2C289412260021E160 /* HttpClient */ = {
			isa = PBXGroup;
			children = (
				49A96C2D289412550021E160 /* HttpClient.swift */,
				49DE6088289527B7005BF5F8 /* HttpRoutable.swift */,
			);
			path = HttpClient;
			sourceTree = "<group>";
		};
		49A96C302894126A0021E160 /* Models */ = {
			isa = PBXGroup;
			children = (
				49DE608C28955D67005BF5F8 /* Location.swift */,
				49B73EBF2896ABC2004C56E5 /* Forecast.swift */,
				4993F8D2289778D80077E188 /* Decodable+Any.swift */,
			);
			path = Models;
			sourceTree = "<group>";
		};
		49DE608B2895597F005BF5F8 /* Routers */ = {
			isa = PBXGroup;
			children = (
				49A96C32289412EB0021E160 /* Router.swift */,
				49DE608228951CC4005BF5F8 /* Router+Geo.swift */,
				49DE608528951CDF005BF5F8 /* Router+Weather.swift */,
			);
			path = Routers;
			sourceTree = "<group>";
		};
/* End PBXGroup section */

/* Begin PBXNativeTarget section */
		49A96BF0289401520021E160 /* WeatherOne */ = {
			isa = PBXNativeTarget;
			buildConfigurationList = 49A96C04289401530021E160 /* Build configuration list for PBXNativeTarget "WeatherOne" */;
			buildPhases = (
				49A96BED289401520021E160 /* Sources */,
				49A96BEE289401520021E160 /* Frameworks */,
				49A96BEF289401520021E160 /* Resources */,
			);
			buildRules = (
			);
			dependencies = (
			);
			name = WeatherOne;
			packageProductDependencies = (
				49A96C18289402B50021E160 /* Alamofire */,
				49A96C2728940E200021E160 /* RxCocoa */,
				49A96C2928940E200021E160 /* RxSwift */,
				49B73EBA289670EF004C56E5 /* RxAlamofire */,
				49B73EC32896CBA4004C56E5 /* SwiftDate */,
				4993F8D82897BFB00077E188 /* Kingfisher */,
			);
			productName = WeatherOne;
			productReference = 49A96BF1289401520021E160 /* WeatherOne.app */;
			productType = "com.apple.product-type.application";
		};
		49A96C082894016B0021E160 /* WeatherTwo */ = {
			isa = PBXNativeTarget;
			buildConfigurationList = 49A96C142894016C0021E160 /* Build configuration list for PBXNativeTarget "WeatherTwo" */;
			buildPhases = (
				49A96C052894016B0021E160 /* Sources */,
				49A96C062894016B0021E160 /* Frameworks */,
				49A96C072894016B0021E160 /* Resources */,
			);
			buildRules = (
			);
			dependencies = (
			);
			name = WeatherTwo;
			packageProductDependencies = (
				49A96C1B2894037A0021E160 /* Alamofire */,
				4993F8DD289801480077E188 /* SwiftDate */,
				49B0159528986AD1006AF869 /* Kingfisher */,
			);
			productName = WeatherTwo;
			productReference = 49A96C092894016B0021E160 /* WeatherTwo.app */;
			productType = "com.apple.product-type.application";
		};
/* End PBXNativeTarget section */

/* Begin PBXProject section */
		49A96BD4289400CC0021E160 /* Project object */ = {
			isa = PBXProject;
			attributes = {
				BuildIndependentTargetsInParallel = 1;
				LastSwiftUpdateCheck = 1340;
				LastUpgradeCheck = 1340;
				TargetAttributes = {
					49A96BF0289401520021E160 = {
						CreatedOnToolsVersion = 13.4.1;
					};
					49A96C082894016B0021E160 = {
						CreatedOnToolsVersion = 13.4.1;
					};
				};
			};
			buildConfigurationList = 49A96BD7289400CC0021E160 /* Build configuration list for PBXProject "WeatherApp" */;
			compatibilityVersion = "Xcode 13.0";
			developmentRegion = en;
			hasScannedForEncodings = 0;
			knownRegions = (
				en,
				Base,
			);
			mainGroup = 49A96BD3289400CC0021E160;
			packageReferences = (
				49A96C17289402B50021E160 /* XCRemoteSwiftPackageReference "Alamofire" */,
				49A96C2628940E200021E160 /* XCRemoteSwiftPackageReference "RxSwift" */,
				49B73EB9289670EF004C56E5 /* XCRemoteSwiftPackageReference "RxAlamofire" */,
				49B73EC22896CBA4004C56E5 /* XCRemoteSwiftPackageReference "SwiftDate" */,
				4993F8D72897BFB00077E188 /* XCRemoteSwiftPackageReference "Kingfisher" */,
			);
			productRefGroup = 49A96BDD289400CC0021E160 /* Products */;
			projectDirPath = "";
			projectRoot = "";
			targets = (
				49A96BF0289401520021E160 /* WeatherOne */,
				49A96C082894016B0021E160 /* WeatherTwo */,
			);
		};
/* End PBXProject section */

/* Begin PBXResourcesBuildPhase section */
		49A96BEF289401520021E160 /* Resources */ = {
			isa = PBXResourcesBuildPhase;
			buildActionMask = 2147483647;
			files = (
				49A96C00289401530021E160 /* LaunchScreen.storyboard in Resources */,
				49A96BFD289401530021E160 /* Assets.xcassets in Resources */,
			);
			runOnlyForDeploymentPostprocessing = 0;
		};
		49A96C072894016B0021E160 /* Resources */ = {
			isa = PBXResourcesBuildPhase;
			buildActionMask = 2147483647;
			files = (
				49A96C132894016C0021E160 /* Preview Assets.xcassets in Resources */,
				49A96C102894016C0021E160 /* Assets.xcassets in Resources */,
			);
			runOnlyForDeploymentPostprocessing = 0;
		};
/* End PBXResourcesBuildPhase section */

/* Begin PBXSourcesBuildPhase section */
		49A96BED289401520021E160 /* Sources */ = {
			isa = PBXSourcesBuildPhase;
			buildActionMask = 2147483647;
			files = (
				4993F8D3289778D80077E188 /* Decodable+Any.swift in Sources */,
				49A96BF8289401520021E160 /* WeatherListViewController.swift in Sources */,
				49DE608628951CDF005BF5F8 /* Router+Weather.swift in Sources */,
				49DE60902895B152005BF5F8 /* WeatherCell.swift in Sources */,
				49A96BF4289401520021E160 /* AppDelegate.swift in Sources */,
				49DE6089289527B7005BF5F8 /* HttpRoutable.swift in Sources */,
				49DE608D28955D67005BF5F8 /* Location.swift in Sources */,
				49DE608328951CC4005BF5F8 /* Router+Geo.swift in Sources */,
				4993F8DB2897C5FD0077E188 /* UITableView+Reusable.swift in Sources */,
				49A96C33289412EB0021E160 /* Router.swift in Sources */,
				49A96C2E289412550021E160 /* HttpClient.swift in Sources */,
				49B73EC02896ABC2004C56E5 /* Forecast.swift in Sources */,
				49A96BF6289401520021E160 /* SceneDelegate.swift in Sources */,
				4993F8D628977B870077E188 /* HttpClient+RxAPIs.swift in Sources */,
			);
			runOnlyForDeploymentPostprocessing = 0;
		};
		49A96C052894016B0021E160 /* Sources */ = {
			isa = PBXSourcesBuildPhase;
			buildActionMask = 2147483647;
			files = (
				49A96C34289412EB0021E160 /* Router.swift in Sources */,
				49A96C0E2894016B0021E160 /* WeatherList.swift in Sources */,
				49DE608E28955D67005BF5F8 /* Location.swift in Sources */,
				49DE608A289527B7005BF5F8 /* HttpRoutable.swift in Sources */,
				4993F8D4289778D80077E188 /* Decodable+Any.swift in Sources */,
				49B73EC12896ABC2004C56E5 /* Forecast.swift in Sources */,
				49DE608428951CC4005BF5F8 /* Router+Geo.swift in Sources */,
				49A96C2F289412550021E160 /* HttpClient.swift in Sources */,
				49B0159A28987B7C006AF869 /* WeatherCell.swift in Sources */,
				49DE608728951CDF005BF5F8 /* Router+Weather.swift in Sources */,
				49A96C0C2894016B0021E160 /* WeatherTwoApp.swift in Sources */,
				49B0159C28989354006AF869 /* WeatherVM.swift in Sources */,
				49B0159828987B37006AF869 /* HttpClient+Combine.swift in Sources */,
			);
			runOnlyForDeploymentPostprocessing = 0;
		};
/* End PBXSourcesBuildPhase section */

/* Begin PBXVariantGroup section */
		49A96BFE289401530021E160 /* LaunchScreen.storyboard */ = {
			isa = PBXVariantGroup;
			children = (
				49A96BFF289401530021E160 /* Base */,
			);
			name = LaunchScreen.storyboard;
			sourceTree = "<group>";
		};
/* End PBXVariantGroup section */

/* Begin XCBuildConfiguration section */
		49A96BE8289400CD0021E160 /* Debug */ = {
			isa = XCBuildConfiguration;
			buildSettings = {
				ALWAYS_SEARCH_USER_PATHS = NO;
				CLANG_ANALYZER_NONNULL = YES;
				CLANG_ANALYZER_NUMBER_OBJECT_CONVERSION = YES_AGGRESSIVE;
				CLANG_CXX_LANGUAGE_STANDARD = "gnu++17";
				CLANG_ENABLE_MODULES = YES;
				CLANG_ENABLE_OBJC_ARC = YES;
				CLANG_ENABLE_OBJC_WEAK = YES;
				CLANG_WARN_BLOCK_CAPTURE_AUTORELEASING = YES;
				CLANG_WARN_BOOL_CONVERSION = YES;
				CLANG_WARN_COMMA = YES;
				CLANG_WARN_CONSTANT_CONVERSION = YES;
				CLANG_WARN_DEPRECATED_OBJC_IMPLEMENTATIONS = YES;
				CLANG_WARN_DIRECT_OBJC_ISA_USAGE = YES_ERROR;
				CLANG_WARN_DOCUMENTATION_COMMENTS = YES;
				CLANG_WARN_EMPTY_BODY = YES;
				CLANG_WARN_ENUM_CONVERSION = YES;
				CLANG_WARN_INFINITE_RECURSION = YES;
				CLANG_WARN_INT_CONVERSION = YES;
				CLANG_WARN_NON_LITERAL_NULL_CONVERSION = YES;
				CLANG_WARN_OBJC_IMPLICIT_RETAIN_SELF = YES;
				CLANG_WARN_OBJC_LITERAL_CONVERSION = YES;
				CLANG_WARN_OBJC_ROOT_CLASS = YES_ERROR;
				CLANG_WARN_QUOTED_INCLUDE_IN_FRAMEWORK_HEADER = YES;
				CLANG_WARN_RANGE_LOOP_ANALYSIS = YES;
				CLANG_WARN_STRICT_PROTOTYPES = YES;
				CLANG_WARN_SUSPICIOUS_MOVE = YES;
				CLANG_WARN_UNGUARDED_AVAILABILITY = YES_AGGRESSIVE;
				CLANG_WARN_UNREACHABLE_CODE = YES;
				CLANG_WARN__DUPLICATE_METHOD_MATCH = YES;
				COPY_PHASE_STRIP = NO;
				DEBUG_INFORMATION_FORMAT = dwarf;
				ENABLE_STRICT_OBJC_MSGSEND = YES;
				ENABLE_TESTABILITY = YES;
				GCC_C_LANGUAGE_STANDARD = gnu11;
				GCC_DYNAMIC_NO_PIC = NO;
				GCC_NO_COMMON_BLOCKS = YES;
				GCC_OPTIMIZATION_LEVEL = 0;
				GCC_PREPROCESSOR_DEFINITIONS = (
					"DEBUG=1",
					"$(inherited)",
				);
				GCC_WARN_64_TO_32_BIT_CONVERSION = YES;
				GCC_WARN_ABOUT_RETURN_TYPE = YES_ERROR;
				GCC_WARN_UNDECLARED_SELECTOR = YES;
				GCC_WARN_UNINITIALIZED_AUTOS = YES_AGGRESSIVE;
				GCC_WARN_UNUSED_FUNCTION = YES;
				GCC_WARN_UNUSED_VARIABLE = YES;
				IPHONEOS_DEPLOYMENT_TARGET = 15.5;
				MTL_ENABLE_DEBUG_INFO = INCLUDE_SOURCE;
				MTL_FAST_MATH = YES;
				ONLY_ACTIVE_ARCH = YES;
				SDKROOT = iphoneos;
				SWIFT_ACTIVE_COMPILATION_CONDITIONS = DEBUG;
				SWIFT_OPTIMIZATION_LEVEL = "-Onone";
			};
			name = Debug;
		};
		49A96BE9289400CD0021E160 /* Release */ = {
			isa = XCBuildConfiguration;
			buildSettings = {
				ALWAYS_SEARCH_USER_PATHS = NO;
				CLANG_ANALYZER_NONNULL = YES;
				CLANG_ANALYZER_NUMBER_OBJECT_CONVERSION = YES_AGGRESSIVE;
				CLANG_CXX_LANGUAGE_STANDARD = "gnu++17";
				CLANG_ENABLE_MODULES = YES;
				CLANG_ENABLE_OBJC_ARC = YES;
				CLANG_ENABLE_OBJC_WEAK = YES;
				CLANG_WARN_BLOCK_CAPTURE_AUTORELEASING = YES;
				CLANG_WARN_BOOL_CONVERSION = YES;
				CLANG_WARN_COMMA = YES;
				CLANG_WARN_CONSTANT_CONVERSION = YES;
				CLANG_WARN_DEPRECATED_OBJC_IMPLEMENTATIONS = YES;
				CLANG_WARN_DIRECT_OBJC_ISA_USAGE = YES_ERROR;
				CLANG_WARN_DOCUMENTATION_COMMENTS = YES;
				CLANG_WARN_EMPTY_BODY = YES;
				CLANG_WARN_ENUM_CONVERSION = YES;
				CLANG_WARN_INFINITE_RECURSION = YES;
				CLANG_WARN_INT_CONVERSION = YES;
				CLANG_WARN_NON_LITERAL_NULL_CONVERSION = YES;
				CLANG_WARN_OBJC_IMPLICIT_RETAIN_SELF = YES;
				CLANG_WARN_OBJC_LITERAL_CONVERSION = YES;
				CLANG_WARN_OBJC_ROOT_CLASS = YES_ERROR;
				CLANG_WARN_QUOTED_INCLUDE_IN_FRAMEWORK_HEADER = YES;
				CLANG_WARN_RANGE_LOOP_ANALYSIS = YES;
				CLANG_WARN_STRICT_PROTOTYPES = YES;
				CLANG_WARN_SUSPICIOUS_MOVE = YES;
				CLANG_WARN_UNGUARDED_AVAILABILITY = YES_AGGRESSIVE;
				CLANG_WARN_UNREACHABLE_CODE = YES;
				CLANG_WARN__DUPLICATE_METHOD_MATCH = YES;
				COPY_PHASE_STRIP = NO;
				DEBUG_INFORMATION_FORMAT = "dwarf-with-dsym";
				ENABLE_NS_ASSERTIONS = NO;
				ENABLE_STRICT_OBJC_MSGSEND = YES;
				GCC_C_LANGUAGE_STANDARD = gnu11;
				GCC_NO_COMMON_BLOCKS = YES;
				GCC_WARN_64_TO_32_BIT_CONVERSION = YES;
				GCC_WARN_ABOUT_RETURN_TYPE = YES_ERROR;
				GCC_WARN_UNDECLARED_SELECTOR = YES;
				GCC_WARN_UNINITIALIZED_AUTOS = YES_AGGRESSIVE;
				GCC_WARN_UNUSED_FUNCTION = YES;
				GCC_WARN_UNUSED_VARIABLE = YES;
				IPHONEOS_DEPLOYMENT_TARGET = 15.5;
				MTL_ENABLE_DEBUG_INFO = NO;
				MTL_FAST_MATH = YES;
				SDKROOT = iphoneos;
				SWIFT_COMPILATION_MODE = wholemodule;
				SWIFT_OPTIMIZATION_LEVEL = "-O";
				VALIDATE_PRODUCT = YES;
			};
			name = Release;
		};
		49A96C02289401530021E160 /* Debug */ = {
			isa = XCBuildConfiguration;
			buildSettings = {
				ASSETCATALOG_COMPILER_APPICON_NAME = AppIcon;
				ASSETCATALOG_COMPILER_GLOBAL_ACCENT_COLOR_NAME = AccentColor;
				CODE_SIGN_STYLE = Automatic;
				CURRENT_PROJECT_VERSION = 1;
				GENERATE_INFOPLIST_FILE = YES;
				INFOPLIST_FILE = WeatherOne/Info.plist;
				INFOPLIST_KEY_UIApplicationSupportsIndirectInputEvents = YES;
				INFOPLIST_KEY_UILaunchStoryboardName = LaunchScreen;
				INFOPLIST_KEY_UISupportedInterfaceOrientations_iPad = "UIInterfaceOrientationPortrait UIInterfaceOrientationPortraitUpsideDown UIInterfaceOrientationLandscapeLeft UIInterfaceOrientationLandscapeRight";
				INFOPLIST_KEY_UISupportedInterfaceOrientations_iPhone = "UIInterfaceOrientationPortrait UIInterfaceOrientationLandscapeLeft UIInterfaceOrientationLandscapeRight";
				LD_RUNPATH_SEARCH_PATHS = (
					"$(inherited)",
					"@executable_path/Frameworks",
				);
				MARKETING_VERSION = 1.0;
				PRODUCT_BUNDLE_IDENTIFIER = app.tinygram.WeatherOne;
				PRODUCT_NAME = "$(TARGET_NAME)";
				SWIFT_EMIT_LOC_STRINGS = YES;
				SWIFT_VERSION = 5.0;
				TARGETED_DEVICE_FAMILY = "1,2";
			};
			name = Debug;
		};
		49A96C03289401530021E160 /* Release */ = {
			isa = XCBuildConfiguration;
			buildSettings = {
				ASSETCATALOG_COMPILER_APPICON_NAME = AppIcon;
				ASSETCATALOG_COMPILER_GLOBAL_ACCENT_COLOR_NAME = AccentColor;
				CODE_SIGN_STYLE = Automatic;
				CURRENT_PROJECT_VERSION = 1;
				GENERATE_INFOPLIST_FILE = YES;
				INFOPLIST_FILE = WeatherOne/Info.plist;
				INFOPLIST_KEY_UIApplicationSupportsIndirectInputEvents = YES;
				INFOPLIST_KEY_UILaunchStoryboardName = LaunchScreen;
				INFOPLIST_KEY_UISupportedInterfaceOrientations_iPad = "UIInterfaceOrientationPortrait UIInterfaceOrientationPortraitUpsideDown UIInterfaceOrientationLandscapeLeft UIInterfaceOrientationLandscapeRight";
				INFOPLIST_KEY_UISupportedInterfaceOrientations_iPhone = "UIInterfaceOrientationPortrait UIInterfaceOrientationLandscapeLeft UIInterfaceOrientationLandscapeRight";
				LD_RUNPATH_SEARCH_PATHS = (
					"$(inherited)",
					"@executable_path/Frameworks",
				);
				MARKETING_VERSION = 1.0;
				PRODUCT_BUNDLE_IDENTIFIER = app.tinygram.WeatherOne;
				PRODUCT_NAME = "$(TARGET_NAME)";
				SWIFT_EMIT_LOC_STRINGS = YES;
				SWIFT_VERSION = 5.0;
				TARGETED_DEVICE_FAMILY = "1,2";
			};
			name = Release;
		};
		49A96C152894016C0021E160 /* Debug */ = {
			isa = XCBuildConfiguration;
			buildSettings = {
				ASSETCATALOG_COMPILER_APPICON_NAME = AppIcon;
				ASSETCATALOG_COMPILER_GLOBAL_ACCENT_COLOR_NAME = AccentColor;
				CODE_SIGN_STYLE = Automatic;
				CURRENT_PROJECT_VERSION = 1;
				DEVELOPMENT_ASSET_PATHS = "\"WeatherTwo/Preview Content\"";
				ENABLE_PREVIEWS = YES;
				GENERATE_INFOPLIST_FILE = YES;
				INFOPLIST_KEY_UIApplicationSceneManifest_Generation = YES;
				INFOPLIST_KEY_UIApplicationSupportsIndirectInputEvents = YES;
				INFOPLIST_KEY_UILaunchScreen_Generation = YES;
				INFOPLIST_KEY_UISupportedInterfaceOrientations_iPad = "UIInterfaceOrientationPortrait UIInterfaceOrientationPortraitUpsideDown UIInterfaceOrientationLandscapeLeft UIInterfaceOrientationLandscapeRight";
				INFOPLIST_KEY_UISupportedInterfaceOrientations_iPhone = "UIInterfaceOrientationPortrait UIInterfaceOrientationLandscapeLeft UIInterfaceOrientationLandscapeRight";
				LD_RUNPATH_SEARCH_PATHS = (
					"$(inherited)",
					"@executable_path/Frameworks",
				);
				MARKETING_VERSION = 1.0;
				PRODUCT_BUNDLE_IDENTIFIER = app.tinygram.WeatherTwo;
				PRODUCT_NAME = "$(TARGET_NAME)";
				SWIFT_EMIT_LOC_STRINGS = YES;
				SWIFT_VERSION = 5.0;
				TARGETED_DEVICE_FAMILY = "1,2";
			};
			name = Debug;
		};
		49A96C162894016C0021E160 /* Release */ = {
			isa = XCBuildConfiguration;
			buildSettings = {
				ASSETCATALOG_COMPILER_APPICON_NAME = AppIcon;
				ASSETCATALOG_COMPILER_GLOBAL_ACCENT_COLOR_NAME = AccentColor;
				CODE_SIGN_STYLE = Automatic;
				CURRENT_PROJECT_VERSION = 1;
				DEVELOPMENT_ASSET_PATHS = "\"WeatherTwo/Preview Content\"";
				ENABLE_PREVIEWS = YES;
				GENERATE_INFOPLIST_FILE = YES;
				INFOPLIST_KEY_UIApplicationSceneManifest_Generation = YES;
				INFOPLIST_KEY_UIApplicationSupportsIndirectInputEvents = YES;
				INFOPLIST_KEY_UILaunchScreen_Generation = YES;
				INFOPLIST_KEY_UISupportedInterfaceOrientations_iPad = "UIInterfaceOrientationPortrait UIInterfaceOrientationPortraitUpsideDown UIInterfaceOrientationLandscapeLeft UIInterfaceOrientationLandscapeRight";
				INFOPLIST_KEY_UISupportedInterfaceOrientations_iPhone = "UIInterfaceOrientationPortrait UIInterfaceOrientationLandscapeLeft UIInterfaceOrientationLandscapeRight";
				LD_RUNPATH_SEARCH_PATHS = (
					"$(inherited)",
					"@executable_path/Frameworks",
				);
				MARKETING_VERSION = 1.0;
				PRODUCT_BUNDLE_IDENTIFIER = app.tinygram.WeatherTwo;
				PRODUCT_NAME = "$(TARGET_NAME)";
				SWIFT_EMIT_LOC_STRINGS = YES;
				SWIFT_VERSION = 5.0;
				TARGETED_DEVICE_FAMILY = "1,2";
			};
			name = Release;
		};
/* End XCBuildConfiguration section */

/* Begin XCConfigurationList section */
		49A96BD7289400CC0021E160 /* Build configuration list for PBXProject "WeatherApp" */ = {
			isa = XCConfigurationList;
			buildConfigurations = (
				49A96BE8289400CD0021E160 /* Debug */,
				49A96BE9289400CD0021E160 /* Release */,
			);
			defaultConfigurationIsVisible = 0;
			defaultConfigurationName = Release;
		};
		49A96C04289401530021E160 /* Build configuration list for PBXNativeTarget "WeatherOne" */ = {
			isa = XCConfigurationList;
			buildConfigurations = (
				49A96C02289401530021E160 /* Debug */,
				49A96C03289401530021E160 /* Release */,
			);
			defaultConfigurationIsVisible = 0;
			defaultConfigurationName = Release;
		};
		49A96C142894016C0021E160 /* Build configuration list for PBXNativeTarget "WeatherTwo" */ = {
			isa = XCConfigurationList;
			buildConfigurations = (
				49A96C152894016C0021E160 /* Debug */,
				49A96C162894016C0021E160 /* Release */,
			);
			defaultConfigurationIsVisible = 0;
			defaultConfigurationName = Release;
		};
/* End XCConfigurationList section */

/* Begin XCRemoteSwiftPackageReference section */
		4993F8D72897BFB00077E188 /* XCRemoteSwiftPackageReference "Kingfisher" */ = {
			isa = XCRemoteSwiftPackageReference;
			repositoryURL = "https://github.com/onevcat/Kingfisher";
			requirement = {
				kind = upToNextMajorVersion;
				minimumVersion = 7.0.0;
			};
		};
		49A96C17289402B50021E160 /* XCRemoteSwiftPackageReference "Alamofire" */ = {
			isa = XCRemoteSwiftPackageReference;
			repositoryURL = "https://github.com/Alamofire/Alamofire.git";
			requirement = {
				kind = upToNextMajorVersion;
				minimumVersion = 5.0.0;
			};
		};
		49A96C2628940E200021E160 /* XCRemoteSwiftPackageReference "RxSwift" */ = {
			isa = XCRemoteSwiftPackageReference;
			repositoryURL = "https://github.com/ReactiveX/RxSwift";
			requirement = {
				kind = upToNextMajorVersion;
				minimumVersion = 6.0.0;
			};
		};
		49B73EB9289670EF004C56E5 /* XCRemoteSwiftPackageReference "RxAlamofire" */ = {
			isa = XCRemoteSwiftPackageReference;
			repositoryURL = "https://github.com/RxSwiftCommunity/RxAlamofire.git";
			requirement = {
				branch = main;
				kind = branch;
			};
		};
		49B73EC22896CBA4004C56E5 /* XCRemoteSwiftPackageReference "SwiftDate" */ = {
			isa = XCRemoteSwiftPackageReference;
			repositoryURL = "https://github.com/malcommac/SwiftDate.git";
			requirement = {
				kind = upToNextMajorVersion;
				minimumVersion = 6.0.0;
			};
		};
/* End XCRemoteSwiftPackageReference section */

/* Begin XCSwiftPackageProductDependency section */
		4993F8D82897BFB00077E188 /* Kingfisher */ = {
			isa = XCSwiftPackageProductDependency;
			package = 4993F8D72897BFB00077E188 /* XCRemoteSwiftPackageReference "Kingfisher" */;
			productName = Kingfisher;
		};
		4993F8DD289801480077E188 /* SwiftDate */ = {
			isa = XCSwiftPackageProductDependency;
			package = 49B73EC22896CBA4004C56E5 /* XCRemoteSwiftPackageReference "SwiftDate" */;
			productName = SwiftDate;
		};
		49A96C18289402B50021E160 /* Alamofire */ = {
			isa = XCSwiftPackageProductDependency;
			package = 49A96C17289402B50021E160 /* XCRemoteSwiftPackageReference "Alamofire" */;
			productName = Alamofire;
		};
		49A96C1B2894037A0021E160 /* Alamofire */ = {
			isa = XCSwiftPackageProductDependency;
			package = 49A96C17289402B50021E160 /* XCRemoteSwiftPackageReference "Alamofire" */;
			productName = Alamofire;
		};
		49A96C2728940E200021E160 /* RxCocoa */ = {
			isa = XCSwiftPackageProductDependency;
			package = 49A96C2628940E200021E160 /* XCRemoteSwiftPackageReference "RxSwift" */;
			productName = RxCocoa;
		};
		49A96C2928940E200021E160 /* RxSwift */ = {
			isa = XCSwiftPackageProductDependency;
			package = 49A96C2628940E200021E160 /* XCRemoteSwiftPackageReference "RxSwift" */;
			productName = RxSwift;
		};
		49B0159528986AD1006AF869 /* Kingfisher */ = {
			isa = XCSwiftPackageProductDependency;
			package = 4993F8D72897BFB00077E188 /* XCRemoteSwiftPackageReference "Kingfisher" */;
			productName = Kingfisher;
		};
		49B73EBA289670EF004C56E5 /* RxAlamofire */ = {
			isa = XCSwiftPackageProductDependency;
			package = 49B73EB9289670EF004C56E5 /* XCRemoteSwiftPackageReference "RxAlamofire" */;
			productName = RxAlamofire;
		};
		49B73EC32896CBA4004C56E5 /* SwiftDate */ = {
			isa = XCSwiftPackageProductDependency;
			package = 49B73EC22896CBA4004C56E5 /* XCRemoteSwiftPackageReference "SwiftDate" */;
			productName = SwiftDate;
		};
/* End XCSwiftPackageProductDependency section */
	};
	rootObject = 49A96BD4289400CC0021E160 /* Project object */;
}
